// !$*UTF8*$!
{
	archiveVersion = 1;
	classes = {
	};
	objectVersion = 56;
	objects = {

/* Begin PBXBuildFile section */
		760AF6E52ACFDD7400DF3548 /* ViewModel.swift in Sources */ = {isa = PBXBuildFile; fileRef = 760AF6E42ACFDD7400DF3548 /* ViewModel.swift */; };
		760AF6E72ACFDF3E00DF3548 /* ImageResizeViewModel.swift in Sources */ = {isa = PBXBuildFile; fileRef = 760AF6E62ACFDF3E00DF3548 /* ImageResizeViewModel.swift */; };
		760AF6E92ACFE8CA00DF3548 /* TempVC.swift in Sources */ = {isa = PBXBuildFile; fileRef = 760AF6E82ACFE8CA00DF3548 /* TempVC.swift */; };
		760AF6ED2ACFEB6700DF3548 /* TabBarController.swift in Sources */ = {isa = PBXBuildFile; fileRef = 760AF6EC2ACFEB6700DF3548 /* TabBarController.swift */; };
		76AD24D42ACE75800032A319 /* TestViewController.swift in Sources */ = {isa = PBXBuildFile; fileRef = 76AD24D32ACE75800032A319 /* TestViewController.swift */; };
		76E0CE1A2ACC03CF0020AA52 /* AppDelegate.swift in Sources */ = {isa = PBXBuildFile; fileRef = 76E0CE192ACC03CF0020AA52 /* AppDelegate.swift */; };
		76E0CE1C2ACC03CF0020AA52 /* SceneDelegate.swift in Sources */ = {isa = PBXBuildFile; fileRef = 76E0CE1B2ACC03CF0020AA52 /* SceneDelegate.swift */; };
		76E0CE1E2ACC03CF0020AA52 /* ViewController.swift in Sources */ = {isa = PBXBuildFile; fileRef = 76E0CE1D2ACC03CF0020AA52 /* ViewController.swift */; };
		76E0CE232ACC03D00020AA52 /* Assets.xcassets in Resources */ = {isa = PBXBuildFile; fileRef = 76E0CE222ACC03D00020AA52 /* Assets.xcassets */; };
		76E0CE262ACC03D00020AA52 /* LaunchScreen.storyboard in Resources */ = {isa = PBXBuildFile; fileRef = 76E0CE242ACC03D00020AA52 /* LaunchScreen.storyboard */; };
		76E0CE2E2ACC04000020AA52 /* ImagePicker.swift in Sources */ = {isa = PBXBuildFile; fileRef = 76E0CE2D2ACC04000020AA52 /* ImagePicker.swift */; };
		76F3BB842ACEA52D00358705 /* ImageResizeViewController.swift in Sources */ = {isa = PBXBuildFile; fileRef = 76F3BB832ACEA52D00358705 /* ImageResizeViewController.swift */; };
/* End PBXBuildFile section */

/* Begin PBXFileReference section */
		760AF6E42ACFDD7400DF3548 /* ViewModel.swift */ = {isa = PBXFileReference; lastKnownFileType = sourcecode.swift; path = ViewModel.swift; sourceTree = "<group>"; };
		760AF6E62ACFDF3E00DF3548 /* ImageResizeViewModel.swift */ = {isa = PBXFileReference; lastKnownFileType = sourcecode.swift; path = ImageResizeViewModel.swift; sourceTree = "<group>"; };
		760AF6E82ACFE8CA00DF3548 /* TempVC.swift */ = {isa = PBXFileReference; lastKnownFileType = sourcecode.swift; path = TempVC.swift; sourceTree = "<group>"; };
		760AF6EC2ACFEB6700DF3548 /* TabBarController.swift */ = {isa = PBXFileReference; lastKnownFileType = sourcecode.swift; path = TabBarController.swift; sourceTree = "<group>"; };
		76AD24D32ACE75800032A319 /* TestViewController.swift */ = {isa = PBXFileReference; lastKnownFileType = sourcecode.swift; path = TestViewController.swift; sourceTree = "<group>"; };
		76E0CE162ACC03CF0020AA52 /* ImageResizer.app */ = {isa = PBXFileReference; explicitFileType = wrapper.application; includeInIndex = 0; path = ImageResizer.app; sourceTree = BUILT_PRODUCTS_DIR; };
		76E0CE192ACC03CF0020AA52 /* AppDelegate.swift */ = {isa = PBXFileReference; lastKnownFileType = sourcecode.swift; path = AppDelegate.swift; sourceTree = "<group>"; };
		76E0CE1B2ACC03CF0020AA52 /* SceneDelegate.swift */ = {isa = PBXFileReference; lastKnownFileType = sourcecode.swift; path = SceneDelegate.swift; sourceTree = "<group>"; };
		76E0CE1D2ACC03CF0020AA52 /* ViewController.swift */ = {isa = PBXFileReference; lastKnownFileType = sourcecode.swift; path = ViewController.swift; sourceTree = "<group>"; };
		76E0CE222ACC03D00020AA52 /* Assets.xcassets */ = {isa = PBXFileReference; lastKnownFileType = folder.assetcatalog; path = Assets.xcassets; sourceTree = "<group>"; };
		76E0CE252ACC03D00020AA52 /* Base */ = {isa = PBXFileReference; lastKnownFileType = file.storyboard; name = Base; path = Base.lproj/LaunchScreen.storyboard; sourceTree = "<group>"; };
		76E0CE272ACC03D00020AA52 /* Info.plist */ = {isa = PBXFileReference; lastKnownFileType = text.plist.xml; path = Info.plist; sourceTree = "<group>"; };
		76E0CE2D2ACC04000020AA52 /* ImagePicker.swift */ = {isa = PBXFileReference; lastKnownFileType = sourcecode.swift; path = ImagePicker.swift; sourceTree = "<group>"; };
		76F3BB832ACEA52D00358705 /* ImageResizeViewController.swift */ = {isa = PBXFileReference; lastKnownFileType = sourcecode.swift; path = ImageResizeViewController.swift; sourceTree = "<group>"; };
/* End PBXFileReference section */

/* Begin PBXFrameworksBuildPhase section */
		76E0CE132ACC03CF0020AA52 /* Frameworks */ = {
			isa = PBXFrameworksBuildPhase;
			buildActionMask = 2147483647;
			files = (
			);
			runOnlyForDeploymentPostprocessing = 0;
		};
/* End PBXFrameworksBuildPhase section */

/* Begin PBXGroup section */
		760AF6EE2ACFEE4000DF3548 /* ViewModel */ = {
			isa = PBXGroup;
			children = (
				760AF6E42ACFDD7400DF3548 /* ViewModel.swift */,
			);
			path = ViewModel;
			sourceTree = "<group>";
		};
		760AF6EF2ACFEFEF00DF3548 /* ImagePicker */ = {
			isa = PBXGroup;
			children = (
				76E0CE2D2ACC04000020AA52 /* ImagePicker.swift */,
				76F3BB832ACEA52D00358705 /* ImageResizeViewController.swift */,
				760AF6E62ACFDF3E00DF3548 /* ImageResizeViewModel.swift */,
			);
			path = ImagePicker;
			sourceTree = "<group>";
		};
		760AF6F02ACFF07000DF3548 /* View */ = {
			isa = PBXGroup;
			children = (
				760AF6EC2ACFEB6700DF3548 /* TabBarController.swift */,
				76E0CE1D2ACC03CF0020AA52 /* ViewController.swift */,
			);
			path = View;
			sourceTree = "<group>";
		};
		760AF6F12ACFF08100DF3548 /* Temp */ = {
			isa = PBXGroup;
			children = (
				76AD24D32ACE75800032A319 /* TestViewController.swift */,
				760AF6E82ACFE8CA00DF3548 /* TempVC.swift */,
			);
			path = Temp;
			sourceTree = "<group>";
		};
		76E0CE0D2ACC03CF0020AA52 = {
			isa = PBXGroup;
			children = (
				76E0CE182ACC03CF0020AA52 /* ImageResizer */,
				76E0CE172ACC03CF0020AA52 /* Products */,
			);
			sourceTree = "<group>";
		};
		76E0CE172ACC03CF0020AA52 /* Products */ = {
			isa = PBXGroup;
			children = (
				76E0CE162ACC03CF0020AA52 /* ImageResizer.app */,
			);
			name = Products;
			sourceTree = "<group>";
		};
		76E0CE182ACC03CF0020AA52 /* ImageResizer */ = {
			isa = PBXGroup;
			children = (
				76E0CE192ACC03CF0020AA52 /* AppDelegate.swift */,
				76E0CE1B2ACC03CF0020AA52 /* SceneDelegate.swift */,
				760AF6F02ACFF07000DF3548 /* View */,
				760AF6EE2ACFEE4000DF3548 /* ViewModel */,
				760AF6EF2ACFEFEF00DF3548 /* ImagePicker */,
				760AF6F12ACFF08100DF3548 /* Temp */,
				76E0CE222ACC03D00020AA52 /* Assets.xcassets */,
				76E0CE242ACC03D00020AA52 /* LaunchScreen.storyboard */,
				76E0CE272ACC03D00020AA52 /* Info.plist */,
			);
			path = ImageResizer;
			sourceTree = "<group>";
		};
/* End PBXGroup section */

/* Begin PBXNativeTarget section */
		76E0CE152ACC03CF0020AA52 /* ImageResizer */ = {
			isa = PBXNativeTarget;
			buildConfigurationList = 76E0CE2A2ACC03D00020AA52 /* Build configuration list for PBXNativeTarget "ImageResizer" */;
			buildPhases = (
				76E0CE122ACC03CF0020AA52 /* Sources */,
				76E0CE132ACC03CF0020AA52 /* Frameworks */,
				76E0CE142ACC03CF0020AA52 /* Resources */,
			);
			buildRules = (
			);
			dependencies = (
			);
			name = ImageResizer;
			packageProductDependencies = (
			);
			productName = ImageResizer;
			productReference = 76E0CE162ACC03CF0020AA52 /* ImageResizer.app */;
			productType = "com.apple.product-type.application";
		};
/* End PBXNativeTarget section */

/* Begin PBXProject section */
		76E0CE0E2ACC03CF0020AA52 /* Project object */ = {
			isa = PBXProject;
			attributes = {
				BuildIndependentTargetsInParallel = 1;
				LastSwiftUpdateCheck = 1500;
				LastUpgradeCheck = 1500;
				TargetAttributes = {
					76E0CE152ACC03CF0020AA52 = {
						CreatedOnToolsVersion = 15.0;
					};
				};
			};
			buildConfigurationList = 76E0CE112ACC03CF0020AA52 /* Build configuration list for PBXProject "ImageResizer" */;
			compatibilityVersion = "Xcode 14.0";
			developmentRegion = en;
			hasScannedForEncodings = 0;
			knownRegions = (
				en,
				Base,
			);
			mainGroup = 76E0CE0D2ACC03CF0020AA52;
			packageReferences = (
			);
			productRefGroup = 76E0CE172ACC03CF0020AA52 /* Products */;
			projectDirPath = "";
			projectRoot = "";
			targets = (
				76E0CE152ACC03CF0020AA52 /* ImageResizer */,
			);
		};
/* End PBXProject section */

/* Begin PBXResourcesBuildPhase section */
		76E0CE142ACC03CF0020AA52 /* Resources */ = {
			isa = PBXResourcesBuildPhase;
			buildActionMask = 2147483647;
			files = (
				76E0CE262ACC03D00020AA52 /* LaunchScreen.storyboard in Resources */,
				76E0CE232ACC03D00020AA52 /* Assets.xcassets in Resources */,
			);
			runOnlyForDeploymentPostprocessing = 0;
		};
/* End PBXResourcesBuildPhase section */

/* Begin PBXSourcesBuildPhase section */
		76E0CE122ACC03CF0020AA52 /* Sources */ = {
			isa = PBXSourcesBuildPhase;
			buildActionMask = 2147483647;
			files = (
				76E0CE1E2ACC03CF0020AA52 /* ViewController.swift in Sources */,
				76E0CE2E2ACC04000020AA52 /* ImagePicker.swift in Sources */,
				760AF6E92ACFE8CA00DF3548 /* TempVC.swift in Sources */,
				760AF6ED2ACFEB6700DF3548 /* TabBarController.swift in Sources */,
				76E0CE1A2ACC03CF0020AA52 /* AppDelegate.swift in Sources */,
				76AD24D42ACE75800032A319 /* TestViewController.swift in Sources */,
				76F3BB842ACEA52D00358705 /* ImageResizeViewController.swift in Sources */,
				76E0CE1C2ACC03CF0020AA52 /* SceneDelegate.swift in Sources */,
				760AF6E72ACFDF3E00DF3548 /* ImageResizeViewModel.swift in Sources */,
				760AF6E52ACFDD7400DF3548 /* ViewModel.swift in Sources */,
			);
			runOnlyForDeploymentPostprocessing = 0;
		};
/* End PBXSourcesBuildPhase section */

/* Begin PBXVariantGroup section */
		76E0CE242ACC03D00020AA52 /* LaunchScreen.storyboard */ = {
			isa = PBXVariantGroup;
			children = (
				76E0CE252ACC03D00020AA52 /* Base */,
			);
			name = LaunchScreen.storyboard;
			sourceTree = "<group>";
		};
/* End PBXVariantGroup section */

/* Begin XCBuildConfiguration section */
		76E0CE282ACC03D00020AA52 /* Debug */ = {
			isa = XCBuildConfiguration;
			buildSettings = {
				ALWAYS_SEARCH_USER_PATHS = NO;
				ASSETCATALOG_COMPILER_GENERATE_SWIFT_ASSET_SYMBOL_EXTENSIONS = YES;
				CLANG_ANALYZER_NONNULL = YES;
				CLANG_ANALYZER_NUMBER_OBJECT_CONVERSION = YES_AGGRESSIVE;
				CLANG_CXX_LANGUAGE_STANDARD = "gnu++20";
				CLANG_ENABLE_MODULES = YES;
				CLANG_ENABLE_OBJC_ARC = YES;
				CLANG_ENABLE_OBJC_WEAK = YES;
				CLANG_WARN_BLOCK_CAPTURE_AUTORELEASING = YES;
				CLANG_WARN_BOOL_CONVERSION = YES;
				CLANG_WARN_COMMA = YES;
				CLANG_WARN_CONSTANT_CONVERSION = YES;
				CLANG_WARN_DEPRECATED_OBJC_IMPLEMENTATIONS = YES;
				CLANG_WARN_DIRECT_OBJC_ISA_USAGE = YES_ERROR;
				CLANG_WARN_DOCUMENTATION_COMMENTS = YES;
				CLANG_WARN_EMPTY_BODY = YES;
				CLANG_WARN_ENUM_CONVERSION = YES;
				CLANG_WARN_INFINITE_RECURSION = YES;
				CLANG_WARN_INT_CONVERSION = YES;
				CLANG_WARN_NON_LITERAL_NULL_CONVERSION = YES;
				CLANG_WARN_OBJC_IMPLICIT_RETAIN_SELF = YES;
				CLANG_WARN_OBJC_LITERAL_CONVERSION = YES;
				CLANG_WARN_OBJC_ROOT_CLASS = YES_ERROR;
				CLANG_WARN_QUOTED_INCLUDE_IN_FRAMEWORK_HEADER = YES;
				CLANG_WARN_RANGE_LOOP_ANALYSIS = YES;
				CLANG_WARN_STRICT_PROTOTYPES = YES;
				CLANG_WARN_SUSPICIOUS_MOVE = YES;
				CLANG_WARN_UNGUARDED_AVAILABILITY = YES_AGGRESSIVE;
				CLANG_WARN_UNREACHABLE_CODE = YES;
				CLANG_WARN__DUPLICATE_METHOD_MATCH = YES;
				COPY_PHASE_STRIP = NO;
				DEBUG_INFORMATION_FORMAT = dwarf;
				ENABLE_STRICT_OBJC_MSGSEND = YES;
				ENABLE_TESTABILITY = YES;
				ENABLE_USER_SCRIPT_SANDBOXING = YES;
				GCC_C_LANGUAGE_STANDARD = gnu17;
				GCC_DYNAMIC_NO_PIC = NO;
				GCC_NO_COMMON_BLOCKS = YES;
				GCC_OPTIMIZATION_LEVEL = 0;
				GCC_PREPROCESSOR_DEFINITIONS = (
					"DEBUG=1",
					"$(inherited)",
				);
				GCC_WARN_64_TO_32_BIT_CONVERSION = YES;
				GCC_WARN_ABOUT_RETURN_TYPE = YES_ERROR;
				GCC_WARN_UNDECLARED_SELECTOR = YES;
				GCC_WARN_UNINITIALIZED_AUTOS = YES_AGGRESSIVE;
				GCC_WARN_UNUSED_FUNCTION = YES;
				GCC_WARN_UNUSED_VARIABLE = YES;
				IPHONEOS_DEPLOYMENT_TARGET = 17.0;
				LOCALIZATION_PREFERS_STRING_CATALOGS = YES;
				MTL_ENABLE_DEBUG_INFO = INCLUDE_SOURCE;
				MTL_FAST_MATH = YES;
				ONLY_ACTIVE_ARCH = YES;
				SDKROOT = iphoneos;
				SWIFT_ACTIVE_COMPILATION_CONDITIONS = "DEBUG $(inherited)";
				SWIFT_OPTIMIZATION_LEVEL = "-Onone";
			};
			name = Debug;
		};
		76E0CE292ACC03D00020AA52 /* Release */ = {
			isa = XCBuildConfiguration;
			buildSettings = {
				ALWAYS_SEARCH_USER_PATHS = NO;
				ASSETCATALOG_COMPILER_GENERATE_SWIFT_ASSET_SYMBOL_EXTENSIONS = YES;
				CLANG_ANALYZER_NONNULL = YES;
				CLANG_ANALYZER_NUMBER_OBJECT_CONVERSION = YES_AGGRESSIVE;
				CLANG_CXX_LANGUAGE_STANDARD = "gnu++20";
				CLANG_ENABLE_MODULES = YES;
				CLANG_ENABLE_OBJC_ARC = YES;
				CLANG_ENABLE_OBJC_WEAK = YES;
				CLANG_WARN_BLOCK_CAPTURE_AUTORELEASING = YES;
				CLANG_WARN_BOOL_CONVERSION = YES;
				CLANG_WARN_COMMA = YES;
				CLANG_WARN_CONSTANT_CONVERSION = YES;
				CLANG_WARN_DEPRECATED_OBJC_IMPLEMENTATIONS = YES;
				CLANG_WARN_DIRECT_OBJC_ISA_USAGE = YES_ERROR;
				CLANG_WARN_DOCUMENTATION_COMMENTS = YES;
				CLANG_WARN_EMPTY_BODY = YES;
				CLANG_WARN_ENUM_CONVERSION = YES;
				CLANG_WARN_INFINITE_RECURSION = YES;
				CLANG_WARN_INT_CONVERSION = YES;
				CLANG_WARN_NON_LITERAL_NULL_CONVERSION = YES;
				CLANG_WARN_OBJC_IMPLICIT_RETAIN_SELF = YES;
				CLANG_WARN_OBJC_LITERAL_CONVERSION = YES;
				CLANG_WARN_OBJC_ROOT_CLASS = YES_ERROR;
				CLANG_WARN_QUOTED_INCLUDE_IN_FRAMEWORK_HEADER = YES;
				CLANG_WARN_RANGE_LOOP_ANALYSIS = YES;
				CLANG_WARN_STRICT_PROTOTYPES = YES;
				CLANG_WARN_SUSPICIOUS_MOVE = YES;
				CLANG_WARN_UNGUARDED_AVAILABILITY = YES_AGGRESSIVE;
				CLANG_WARN_UNREACHABLE_CODE = YES;
				CLANG_WARN__DUPLICATE_METHOD_MATCH = YES;
				COPY_PHASE_STRIP = NO;
				DEBUG_INFORMATION_FORMAT = "dwarf-with-dsym";
				ENABLE_NS_ASSERTIONS = NO;
				ENABLE_STRICT_OBJC_MSGSEND = YES;
				ENABLE_USER_SCRIPT_SANDBOXING = YES;
				GCC_C_LANGUAGE_STANDARD = gnu17;
				GCC_NO_COMMON_BLOCKS = YES;
				GCC_WARN_64_TO_32_BIT_CONVERSION = YES;
				GCC_WARN_ABOUT_RETURN_TYPE = YES_ERROR;
				GCC_WARN_UNDECLARED_SELECTOR = YES;
				GCC_WARN_UNINITIALIZED_AUTOS = YES_AGGRESSIVE;
				GCC_WARN_UNUSED_FUNCTION = YES;
				GCC_WARN_UNUSED_VARIABLE = YES;
				IPHONEOS_DEPLOYMENT_TARGET = 17.0;
				LOCALIZATION_PREFERS_STRING_CATALOGS = YES;
				MTL_ENABLE_DEBUG_INFO = NO;
				MTL_FAST_MATH = YES;
				SDKROOT = iphoneos;
				SWIFT_COMPILATION_MODE = wholemodule;
				VALIDATE_PRODUCT = YES;
			};
			name = Release;
		};
		76E0CE2B2ACC03D00020AA52 /* Debug */ = {
			isa = XCBuildConfiguration;
			buildSettings = {
				ASSETCATALOG_COMPILER_APPICON_NAME = AppIcon;
				ASSETCATALOG_COMPILER_GLOBAL_ACCENT_COLOR_NAME = AccentColor;
				CODE_SIGN_STYLE = Automatic;
				CURRENT_PROJECT_VERSION = 1;
				DEVELOPMENT_TEAM = 54ZG4WU22U;
				GENERATE_INFOPLIST_FILE = YES;
				INFOPLIST_FILE = ImageResizer/Info.plist;
				INFOPLIST_KEY_UIApplicationSupportsIndirectInputEvents = YES;
				INFOPLIST_KEY_UILaunchStoryboardName = LaunchScreen;
				INFOPLIST_KEY_UISupportedInterfaceOrientations_iPad = "UIInterfaceOrientationPortrait UIInterfaceOrientationPortraitUpsideDown UIInterfaceOrientationLandscapeLeft UIInterfaceOrientationLandscapeRight";
				INFOPLIST_KEY_UISupportedInterfaceOrientations_iPhone = "UIInterfaceOrientationPortrait UIInterfaceOrientationLandscapeLeft UIInterfaceOrientationLandscapeRight";
				LD_RUNPATH_SEARCH_PATHS = (
					"$(inherited)",
					"@executable_path/Frameworks",
				);
				MARKETING_VERSION = 1.0;
				PRODUCT_BUNDLE_IDENTIFIER = com.codeduck.ImageResizer;
				PRODUCT_NAME = "$(TARGET_NAME)";
				SWIFT_EMIT_LOC_STRINGS = YES;
				SWIFT_VERSION = 5.0;
				TARGETED_DEVICE_FAMILY = "1,2";
			};
			name = Debug;
		};
		76E0CE2C2ACC03D00020AA52 /* Release */ = {
			isa = XCBuildConfiguration;
			buildSettings = {
				ASSETCATALOG_COMPILER_APPICON_NAME = AppIcon;
				ASSETCATALOG_COMPILER_GLOBAL_ACCENT_COLOR_NAME = AccentColor;
				CODE_SIGN_STYLE = Automatic;
				CURRENT_PROJECT_VERSION = 1;
				DEVELOPMENT_TEAM = 54ZG4WU22U;
				GENERATE_INFOPLIST_FILE = YES;
				INFOPLIST_FILE = ImageResizer/Info.plist;
				INFOPLIST_KEY_UIApplicationSupportsIndirectInputEvents = YES;
				INFOPLIST_KEY_UILaunchStoryboardName = LaunchScreen;
				INFOPLIST_KEY_UISupportedInterfaceOrientations_iPad = "UIInterfaceOrientationPortrait UIInterfaceOrientationPortraitUpsideDown UIInterfaceOrientationLandscapeLeft UIInterfaceOrientationLandscapeRight";
				INFOPLIST_KEY_UISupportedInterfaceOrientations_iPhone = "UIInterfaceOrientationPortrait UIInterfaceOrientationLandscapeLeft UIInterfaceOrientationLandscapeRight";
				LD_RUNPATH_SEARCH_PATHS = (
					"$(inherited)",
					"@executable_path/Frameworks",
				);
				MARKETING_VERSION = 1.0;
				PRODUCT_BUNDLE_IDENTIFIER = com.codeduck.ImageResizer;
				PRODUCT_NAME = "$(TARGET_NAME)";
				SWIFT_EMIT_LOC_STRINGS = YES;
				SWIFT_VERSION = 5.0;
				TARGETED_DEVICE_FAMILY = "1,2";
			};
			name = Release;
		};
/* End XCBuildConfiguration section */

/* Begin XCConfigurationList section */
		76E0CE112ACC03CF0020AA52 /* Build configuration list for PBXProject "ImageResizer" */ = {
			isa = XCConfigurationList;
			buildConfigurations = (
				76E0CE282ACC03D00020AA52 /* Debug */,
				76E0CE292ACC03D00020AA52 /* Release */,
			);
			defaultConfigurationIsVisible = 0;
			defaultConfigurationName = Release;
		};
		76E0CE2A2ACC03D00020AA52 /* Build configuration list for PBXNativeTarget "ImageResizer" */ = {
			isa = XCConfigurationList;
			buildConfigurations = (
				76E0CE2B2ACC03D00020AA52 /* Debug */,
				76E0CE2C2ACC03D00020AA52 /* Release */,
			);
			defaultConfigurationIsVisible = 0;
			defaultConfigurationName = Release;
		};
/* End XCConfigurationList section */
	};
	rootObject = 76E0CE0E2ACC03CF0020AA52 /* Project object */;
}
